<?xml version="1.0" encoding="utf-8"?>
<Project ToolsVersion="4.0" xmlns="http://schemas.microsoft.com/developer/msbuild/2003">
  <ItemGroup>
    <Filter Include="Source">
      <UniqueIdentifier>{089a1ae8-9791-4c2c-a206-7d9730ea8535}</UniqueIdentifier>
    </Filter>
    <Filter Include="Source\Game">
      <UniqueIdentifier>{5c004ea8-5a63-42bb-9dd0-15e5da736081}</UniqueIdentifier>
    </Filter>
    <Filter Include="Source\Character">
      <UniqueIdentifier>{bd407b88-1c23-4fa8-9212-ca3a9588b296}</UniqueIdentifier>
    </Filter>
    <Filter Include="Source\System">
      <UniqueIdentifier>{eb663d35-009e-4e62-89c3-bf69a9cb5b7c}</UniqueIdentifier>
    </Filter>
    <Filter Include="Source\Item">
      <UniqueIdentifier>{7c080e12-11b4-449f-bbf5-10f17f5280f5}</UniqueIdentifier>
    </Filter>
    <Filter Include="Source\Component">
      <UniqueIdentifier>{d256c852-02b2-4916-9d85-a737163a892d}</UniqueIdentifier>
    </Filter>
    <Filter Include="Source\States">
      <UniqueIdentifier>{9392e6a4-813b-4436-a9da-a5c014f791e0}</UniqueIdentifier>
    </Filter>
    <Filter Include="Source\Character\Class">
      <UniqueIdentifier>{e1079313-3b78-4d8c-8ade-af1ef07615df}</UniqueIdentifier>
    </Filter>
    <Filter Include="Source\Character\Monster">
      <UniqueIdentifier>{64eadc55-deaa-4137-b56d-8ae9b51291ab}</UniqueIdentifier>
    </Filter>
  </ItemGroup>
  <ItemGroup>
    <ClCompile Include="Game\Game.cpp">
      <Filter>Source\Game</Filter>
    </ClCompile>
    <ClCompile Include="main.cpp">
      <Filter>Source</Filter>
    </ClCompile>
    <ClCompile Include="System\FileLoader.cpp">
      <Filter>Source\System</Filter>
    </ClCompile>
    <ClCompile Include="Character\Character.cpp">
      <Filter>Source\Character</Filter>
    </ClCompile>
    <ClCompile Include="Item\Item.cpp">
      <Filter>Source\Item</Filter>
    </ClCompile>
    <ClCompile Include="Component\InventoryComponent.cpp">
      <Filter>Source\Component</Filter>
    </ClCompile>
    <ClCompile Include="Item\HPPotion.cpp">
      <Filter>Source\Item</Filter>
    </ClCompile>
    <ClCompile Include="Item\MPPotion.cpp">
      <Filter>Source\Item</Filter>
    </ClCompile>
    <ClCompile Include="System\StateManager.cpp">
      <Filter>Source\System</Filter>
    </ClCompile>
    <ClCompile Include="States\State.cpp">
      <Filter>Source\States</Filter>
    </ClCompile>
    <ClCompile Include="Character\Player.cpp">
      <Filter>Source\Character</Filter>
    </ClCompile>
    <ClCompile Include="Character\Class\Warrior.cpp">
      <Filter>Source\Character\Class</Filter>
    </ClCompile>
    <ClCompile Include="Character\Class\Magician.cpp">
      <Filter>Source\Character\Class</Filter>
    </ClCompile>
    <ClCompile Include="Character\Class\Thief.cpp">
      <Filter>Source\Character\Class</Filter>
    </ClCompile>
    <ClCompile Include="Character\Class\Archer.cpp">
      <Filter>Source\Character\Class</Filter>
    </ClCompile>
    <ClCompile Include="Character\Monster.cpp">
      <Filter>Source\Character</Filter>
    </ClCompile>
  </ItemGroup>
  <ItemGroup>
    <ClInclude Include="Game\Game.h">
      <Filter>Source\Game</Filter>
    </ClInclude>
    <ClInclude Include="System\FileLoader.h">
      <Filter>Source\System</Filter>
    </ClInclude>
    <ClInclude Include="Character\Character.h">
      <Filter>Source\Character</Filter>
    </ClInclude>
    <ClInclude Include="Item\Item.h">
      <Filter>Source\Item</Filter>
    </ClInclude>
    <ClInclude Include="Component\InventoryComponent.h">
      <Filter>Source\Component</Filter>
    </ClInclude>
    <ClInclude Include="Item\HPPotion.h">
      <Filter>Source\Item</Filter>
    </ClInclude>
    <ClInclude Include="Item\MPPotion.h">
      <Filter>Source\Item</Filter>
    </ClInclude>
    <ClInclude Include="System\StateManager.h">
      <Filter>Source\System</Filter>
    </ClInclude>
    <ClInclude Include="States\State.h">
      <Filter>Source\States</Filter>
    </ClInclude>
    <ClInclude Include="CommonInclude.h">
      <Filter>Source</Filter>
    </ClInclude>
    <ClInclude Include="Character\Class\Warrior.h">
      <Filter>Source\Character\Class</Filter>
    </ClInclude>
    <ClInclude Include="Character\Class\Magician.h">
      <Filter>Source\Character\Class</Filter>
    </ClInclude>
    <ClInclude Include="Character\Class\Thief.h">
      <Filter>Source\Character\Class</Filter>
    </ClInclude>
    <ClInclude Include="Character\Class\Archer.h">
      <Filter>Source\Character\Class</Filter>
    </ClInclude>
    <ClInclude Include="Character\Player.h">
      <Filter>Source\Character</Filter>
    </ClInclude>
    <ClInclude Include="Character\Monster.h">
      <Filter>Source\Character</Filter>
    </ClInclude>
  </ItemGroup>
</Project>